
Microsoft Visual Studio Solution File, Format Version 12.00
# Visual Studio Version 16
VisualStudioVersion = 16.0.32002.261
MinimumVisualStudioVersion = 10.0.40219.1
Project("{8BC9CEB8-8B4A-11D0-8D11-00A0C91BC942}") = "DBFZEnhancer", "DBFZEnhancer\DBFZEnhancer.vcxproj", "{535D378A-7A77-46FA-8F86-6485F40688AD}"
EndProject
Project("{8BC9CEB8-8B4A-11D0-8D11-00A0C91BC942}") = "DBFZEnhancerUM", "DBFZEnhancerUM\DBFZEnhancerUM.vcxproj", "{F27A13A9-567F-43B4-A0E4-5251074BD978}"
EndProject
Global
	GlobalSection(SolutionConfigurationPlatforms) = preSolution
		Debug|ARM = Debug|ARM
		Debug|ARM64 = Debug|ARM64
		Debug|x64 = Debug|x64
		Debug|x86 = Debug|x86
		Release|ARM = Release|ARM
		Release|ARM64 = Release|ARM64
		Release|x64 = Release|x64
		Release|x86 = Release|x86
	EndGlobalSection
	GlobalSection(ProjectConfigurationPlatforms) = postSolution
		{535D378A-7A77-46FA-8F86-6485F40688AD}.Debug|ARM.ActiveCfg = Debug|ARM
		{535D378A-7A77-46FA-8F86-6485F40688AD}.Debug|ARM.Build.0 = Debug|ARM
		{535D378A-7A77-46FA-8F86-6485F40688AD}.Debug|ARM.Deploy.0 = Debug|ARM
		{535D378A-7A77-46FA-8F86-6485F40688AD}.Debug|ARM64.ActiveCfg = Debug|ARM64
		{535D378A-7A77-46FA-8F86-6485F40688AD}.Debug|ARM64.Build.0 = Debug|ARM64
		{535D378A-7A77-46FA-8F86-6485F40688AD}.Debug|ARM64.Deploy.0 = Debug|ARM64
		{535D378A-7A77-46FA-8F86-6485F40688AD}.Debug|x64.ActiveCfg = Debug|x64
		{535D378A-7A77-46FA-8F86-6485F40688AD}.Debug|x64.Build.0 = Debug|x64
		{535D378A-7A77-46FA-8F86-6485F40688AD}.Debug|x64.Deploy.0 = Debug|x64
		{535D378A-7A77-46FA-8F86-6485F40688AD}.Debug|x86.ActiveCfg = Debug|Win32
		{535D378A-7A77-46FA-8F86-6485F40688AD}.Debug|x86.Build.0 = Debug|Win32
		{535D378A-7A77-46FA-8F86-6485F40688AD}.Debug|x86.Deploy.0 = Debug|Win32
		{535D378A-7A77-46FA-8F86-6485F40688AD}.Release|ARM.ActiveCfg = Release|ARM
		{535D378A-7A77-46FA-8F86-6485F40688AD}.Release|ARM.Build.0 = Release|ARM
		{535D378A-7A77-46FA-8F86-6485F40688AD}.Release|ARM.Deploy.0 = Release|ARM
		{535D378A-7A77-46FA-8F86-6485F40688AD}.Release|ARM64.ActiveCfg = Release|ARM64
		{535D378A-7A77-46FA-8F86-6485F40688AD}.Release|ARM64.Build.0 = Release|ARM64
		{535D378A-7A77-46FA-8F86-6485F40688AD}.Release|ARM64.Deploy.0 = Release|ARM64
		{535D378A-7A77-46FA-8F86-6485F40688AD}.Release|x64.ActiveCfg = Release|x64
		{535D378A-7A77-46FA-8F86-6485F40688AD}.Release|x64.Build.0 = Release|x64
		{535D378A-7A77-46FA-8F86-6485F40688AD}.Release|x64.Deploy.0 = Release|x64
		{535D378A-7A77-46FA-8F86-6485F40688AD}.Release|x86.ActiveCfg = Release|Win32
		{535D378A-7A77-46FA-8F86-6485F40688AD}.Release|x86.Build.0 = Release|Win32
		{535D378A-7A77-46FA-8F86-6485F40688AD}.Release|x86.Deploy.0 = Release|Win32
		{F27A13A9-567F-43B4-A0E4-5251074BD978}.Debug|ARM.ActiveCfg = Debug|Win32
		{F27A13A9-567F-43B4-A0E4-5251074BD978}.Debug|ARM64.ActiveCfg = Debug|Win32
		{F27A13A9-567F-43B4-A0E4-5251074BD978}.Debug|x64.ActiveCfg = Debug|x64
		{F27A13A9-567F-43B4-A0E4-5251074BD978}.Debug|x64.Build.0 = Debug|x64
		{F27A13A9-567F-43B4-A0E4-5251074BD978}.Debug|x86.ActiveCfg = Debug|Win32
		{F27A13A9-567F-43B4-A0E4-5251074BD978}.Debug|x86.Build.0 = Debug|Win32
		{F27A13A9-567F-43B4-A0E4-5251074BD978}.Release|ARM.ActiveCfg = Release|Win32
		{F27A13A9-567F-43B4-A0E4-5251074BD978}.Release|ARM64.ActiveCfg = Release|Win32
		{F27A13A9-567F-43B4-A0E4-5251074BD978}.Release|x64.ActiveCfg = Release|x64
		{F27A13A9-567F-43B4-A0E4-5251074BD978}.Release|x64.Build.0 = Release|x64
		{F27A13A9-567F-43B4-A0E4-5251074BD978}.Release|x86.ActiveCfg = Release|Win32
		{F27A13A9-567F-43B4-A0E4-5251074BD978}.Release|x86.Build.0 = Release|Win32
	EndGlobalSection
	GlobalSection(SolutionProperties) = preSolution
		HideSolutionNode = FALSE
	EndGlobalSection
	GlobalSection(ExtensibilityGlobals) = postSolution
		SolutionGuid = {04F33721-C4DB-44CB-B6F4-71B8F4EA7521}
	EndGlobalSection
EndGlobal
